// !$*UTF8*$!
{
	archiveVersion = 1;
	classes = {
	};
	objectVersion = 50;
	objects = {

/* Begin PBXBuildFile section */
		544E2E3A0B4C091F67DC2B5D /* Pods_NukeSampler.framework in Frameworks */ = {isa = PBXBuildFile; fileRef = 6942B8EA963D5109E8C4AA34 /* Pods_NukeSampler.framework */; };
		D37440262256FE46006E6495 /* AppDelegate.swift in Sources */ = {isa = PBXBuildFile; fileRef = D37440252256FE46006E6495 /* AppDelegate.swift */; };
		D37440282256FE46006E6495 /* ViewController.swift in Sources */ = {isa = PBXBuildFile; fileRef = D37440272256FE46006E6495 /* ViewController.swift */; };
		D374402B2256FE46006E6495 /* Main.storyboard in Resources */ = {isa = PBXBuildFile; fileRef = D37440292256FE46006E6495 /* Main.storyboard */; };
		D374402D2256FE47006E6495 /* Assets.xcassets in Resources */ = {isa = PBXBuildFile; fileRef = D374402C2256FE47006E6495 /* Assets.xcassets */; };
		D37440302256FE47006E6495 /* LaunchScreen.storyboard in Resources */ = {isa = PBXBuildFile; fileRef = D374402E2256FE47006E6495 /* LaunchScreen.storyboard */; };
		D3830A152256FFA700C9FCBD /* GoogleService-Info.plist in Resources */ = {isa = PBXBuildFile; fileRef = D3830A142256FFA700C9FCBD /* GoogleService-Info.plist */; };
/* End PBXBuildFile section */

/* Begin PBXFileReference section */
		34F5BD951D2A536B92CFE433 /* Pods-NukeSampler.debug.xcconfig */ = {isa = PBXFileReference; includeInIndex = 1; lastKnownFileType = text.xcconfig; name = "Pods-NukeSampler.debug.xcconfig"; path = "Target Support Files/Pods-NukeSampler/Pods-NukeSampler.debug.xcconfig"; sourceTree = "<group>"; };
		6942B8EA963D5109E8C4AA34 /* Pods_NukeSampler.framework */ = {isa = PBXFileReference; explicitFileType = wrapper.framework; includeInIndex = 0; path = Pods_NukeSampler.framework; sourceTree = BUILT_PRODUCTS_DIR; };
		B2677531A2A0CAD70C74631E /* Pods-NukeSampler.release.xcconfig */ = {isa = PBXFileReference; includeInIndex = 1; lastKnownFileType = text.xcconfig; name = "Pods-NukeSampler.release.xcconfig"; path = "Target Support Files/Pods-NukeSampler/Pods-NukeSampler.release.xcconfig"; sourceTree = "<group>"; };
		D37440222256FE46006E6495 /* NukeSampler.app */ = {isa = PBXFileReference; explicitFileType = wrapper.application; includeInIndex = 0; path = NukeSampler.app; sourceTree = BUILT_PRODUCTS_DIR; };
		D37440252256FE46006E6495 /* AppDelegate.swift */ = {isa = PBXFileReference; lastKnownFileType = sourcecode.swift; path = AppDelegate.swift; sourceTree = "<group>"; };
		D37440272256FE46006E6495 /* ViewController.swift */ = {isa = PBXFileReference; lastKnownFileType = sourcecode.swift; path = ViewController.swift; sourceTree = "<group>"; };
		D374402A2256FE46006E6495 /* Base */ = {isa = PBXFileReference; lastKnownFileType = file.storyboard; name = Base; path = Base.lproj/Main.storyboard; sourceTree = "<group>"; };
		D374402C2256FE47006E6495 /* Assets.xcassets */ = {isa = PBXFileReference; lastKnownFileType = folder.assetcatalog; path = Assets.xcassets; sourceTree = "<group>"; };
		D374402F2256FE47006E6495 /* Base */ = {isa = PBXFileReference; lastKnownFileType = file.storyboard; name = Base; path = Base.lproj/LaunchScreen.storyboard; sourceTree = "<group>"; };
		D37440312256FE47006E6495 /* Info.plist */ = {isa = PBXFileReference; lastKnownFileType = text.plist.xml; path = Info.plist; sourceTree = "<group>"; };
		D3830A142256FFA700C9FCBD /* GoogleService-Info.plist */ = {isa = PBXFileReference; fileEncoding = 4; lastKnownFileType = text.plist.xml; path = "GoogleService-Info.plist"; sourceTree = "<group>"; };
/* End PBXFileReference section */

/* Begin PBXFrameworksBuildPhase section */
		D374401F2256FE46006E6495 /* Frameworks */ = {
			isa = PBXFrameworksBuildPhase;
			buildActionMask = 2147483647;
			files = (
				544E2E3A0B4C091F67DC2B5D /* Pods_NukeSampler.framework in Frameworks */,
			);
			runOnlyForDeploymentPostprocessing = 0;
		};
/* End PBXFrameworksBuildPhase section */

/* Begin PBXGroup section */
		6B58A835D0ECE50515CF17E5 /* Pods */ = {
			isa = PBXGroup;
			children = (
				34F5BD951D2A536B92CFE433 /* Pods-NukeSampler.debug.xcconfig */,
				B2677531A2A0CAD70C74631E /* Pods-NukeSampler.release.xcconfig */,
			);
			path = Pods;
			sourceTree = "<group>";
		};
		D37440192256FE46006E6495 = {
			isa = PBXGroup;
			children = (
				D37440242256FE46006E6495 /* NukeSampler */,
				D37440232256FE46006E6495 /* Products */,
				6B58A835D0ECE50515CF17E5 /* Pods */,
				EE24029947807B306BBD07B3 /* Frameworks */,
			);
			sourceTree = "<group>";
		};
		D37440232256FE46006E6495 /* Products */ = {
			isa = PBXGroup;
			children = (
				D37440222256FE46006E6495 /* NukeSampler.app */,
			);
			name = Products;
			sourceTree = "<group>";
		};
		D37440242256FE46006E6495 /* NukeSampler */ = {
			isa = PBXGroup;
			children = (
				D37440252256FE46006E6495 /* AppDelegate.swift */,
				D37440272256FE46006E6495 /* ViewController.swift */,
				D37440292256FE46006E6495 /* Main.storyboard */,
				D374402C2256FE47006E6495 /* Assets.xcassets */,
				D374402E2256FE47006E6495 /* LaunchScreen.storyboard */,
				D37440312256FE47006E6495 /* Info.plist */,
				D3830A142256FFA700C9FCBD /* GoogleService-Info.plist */,
			);
			path = NukeSampler;
			sourceTree = "<group>";
		};
		EE24029947807B306BBD07B3 /* Frameworks */ = {
			isa = PBXGroup;
			children = (
				6942B8EA963D5109E8C4AA34 /* Pods_NukeSampler.framework */,
			);
			name = Frameworks;
			sourceTree = "<group>";
		};
/* End PBXGroup section */

/* Begin PBXNativeTarget section */
		D37440212256FE46006E6495 /* NukeSampler */ = {
			isa = PBXNativeTarget;
			buildConfigurationList = D37440342256FE47006E6495 /* Build configuration list for PBXNativeTarget "NukeSampler" */;
			buildPhases = (
				2E5AABFB4165ADD7C1A47813 /* [CP] Check Pods Manifest.lock */,
				D374401E2256FE46006E6495 /* Sources */,
				D374401F2256FE46006E6495 /* Frameworks */,
				D37440202256FE46006E6495 /* Resources */,
				0FFA2FE72DE8BE27421A9695 /* [CP] Embed Pods Frameworks */,
			);
			buildRules = (
			);
			dependencies = (
			);
			name = NukeSampler;
			productName = NukeSampler;
			productReference = D37440222256FE46006E6495 /* NukeSampler.app */;
			productType = "com.apple.product-type.application";
		};
/* End PBXNativeTarget section */

/* Begin PBXProject section */
		D374401A2256FE46006E6495 /* Project object */ = {
			isa = PBXProject;
			attributes = {
				LastSwiftUpdateCheck = 1010;
				LastUpgradeCheck = 1010;
				ORGANIZATIONNAME = "Fumiya Tanaka";
				TargetAttributes = {
					D37440212256FE46006E6495 = {
						CreatedOnToolsVersion = 10.1;
					};
				};
			};
			buildConfigurationList = D374401D2256FE46006E6495 /* Build configuration list for PBXProject "NukeSampler" */;
			compatibilityVersion = "Xcode 9.3";
			developmentRegion = en;
			hasScannedForEncodings = 0;
			knownRegions = (
				en,
				Base,
			);
			mainGroup = D37440192256FE46006E6495;
			productRefGroup = D37440232256FE46006E6495 /* Products */;
			projectDirPath = "";
			projectRoot = "";
			targets = (
				D37440212256FE46006E6495 /* NukeSampler */,
			);
		};
/* End PBXProject section */

/* Begin PBXResourcesBuildPhase section */
		D37440202256FE46006E6495 /* Resources */ = {
			isa = PBXResourcesBuildPhase;
			buildActionMask = 2147483647;
			files = (
				D37440302256FE47006E6495 /* LaunchScreen.storyboard in Resources */,
				D3830A152256FFA700C9FCBD /* GoogleService-Info.plist in Resources */,
				D374402D2256FE47006E6495 /* Assets.xcassets in Resources */,
				D374402B2256FE46006E6495 /* Main.storyboard in Resources */,
			);
			runOnlyForDeploymentPostprocessing = 0;
		};
/* End PBXResourcesBuildPhase section */

/* Begin PBXShellScriptBuildPhase section */
		0FFA2FE72DE8BE27421A9695 /* [CP] Embed Pods Frameworks */ = {
			isa = PBXShellScriptBuildPhase;
			buildActionMask = 2147483647;
			files = (
			);
			inputFileListPaths = (
			);
			inputPaths = (
				"${PODS_ROOT}/Target Support Files/Pods-NukeSampler/Pods-NukeSampler-frameworks.sh",
				"${BUILT_PRODUCTS_DIR}/Nuke/Nuke.framework",
			);
			name = "[CP] Embed Pods Frameworks";
			outputFileListPaths = (
			);
			outputPaths = (
				"${TARGET_BUILD_DIR}/${FRAMEWORKS_FOLDER_PATH}/Nuke.framework",
			);
			runOnlyForDeploymentPostprocessing = 0;
			shellPath = /bin/sh;
			shellScript = "\"${PODS_ROOT}/Target Support Files/Pods-NukeSampler/Pods-NukeSampler-frameworks.sh\"\n";
			showEnvVarsInLog = 0;
		};
		2E5AABFB4165ADD7C1A47813 /* [CP] Check Pods Manifest.lock */ = {
			isa = PBXShellScriptBuildPhase;
			buildActionMask = 2147483647;
			files = (
			);
			inputFileListPaths = (
			);
			inputPaths = (
				"${PODS_PODFILE_DIR_PATH}/Podfile.lock",
				"${PODS_ROOT}/Manifest.lock",
			);
			name = "[CP] Check Pods Manifest.lock";
			outputFileListPaths = (
			);
			outputPaths = (
				"$(DERIVED_FILE_DIR)/Pods-NukeSampler-checkManifestLockResult.txt",
			);
			runOnlyForDeploymentPostprocessing = 0;
			shellPath = /bin/sh;
			shellScript = "diff \"${PODS_PODFILE_DIR_PATH}/Podfile.lock\" \"${PODS_ROOT}/Manifest.lock\" > /dev/null\nif [ $? != 0 ] ; then\n    # print error to STDERR\n    echo \"error: The sandbox is not in sync with the Podfile.lock. Run 'pod install' or update your CocoaPods installation.\" >&2\n    exit 1\nfi\n# This output is used by Xcode 'outputs' to avoid re-running this script phase.\necho \"SUCCESS\" > \"${SCRIPT_OUTPUT_FILE_0}\"\n";
			showEnvVarsInLog = 0;
		};
/* End PBXShellScriptBuildPhase section */

/* Begin PBXSourcesBuildPhase section */
		D374401E2256FE46006E6495 /* Sources */ = {
			isa = PBXSourcesBuildPhase;
			buildActionMask = 2147483647;
			files = (
				D37440282256FE46006E6495 /* ViewController.swift in Sources */,
				D37440262256FE46006E6495 /* AppDelegate.swift in Sources */,
			);
			runOnlyForDeploymentPostprocessing = 0;
		};
/* End PBXSourcesBuildPhase section */

/* Begin PBXVariantGroup section */
		D37440292256FE46006E6495 /* Main.storyboard */ = {
			isa = PBXVariantGroup;
			children = (
				D374402A2256FE46006E6495 /* Base */,
			);
			name = Main.storyboard;
			sourceTree = "<group>";
		};
		D374402E2256FE47006E6495 /* LaunchScreen.storyboard */ = {
			isa = PBXVariantGroup;
			children = (
				D374402F2256FE47006E6495 /* Base */,
			);
			name = LaunchScreen.storyboard;
			sourceTree = "<group>";
		};
/* End PBXVariantGroup section */

/* Begin XCBuildConfiguration section */
		D37440322256FE47006E6495 /* Debug */ = {
			isa = XCBuildConfiguration;
			buildSettings = {
				ALWAYS_SEARCH_USER_PATHS = NO;
				CLANG_ANALYZER_NONNULL = YES;
				CLANG_ANALYZER_NUMBER_OBJECT_CONVERSION = YES_AGGRESSIVE;
				CLANG_CXX_LANGUAGE_STANDARD = "gnu++14";
				CLANG_CXX_LIBRARY = "libc++";
				CLANG_ENABLE_MODULES = YES;
				CLANG_ENABLE_OBJC_ARC = YES;
				CLANG_ENABLE_OBJC_WEAK = YES;
				CLANG_WARN_BLOCK_CAPTURE_AUTORELEASING = YES;
				CLANG_WARN_BOOL_CONVERSION = YES;
				CLANG_WARN_COMMA = YES;
				CLANG_WARN_CONSTANT_CONVERSION = YES;
				CLANG_WARN_DEPRECATED_OBJC_IMPLEMENTATIONS = YES;
				CLANG_WARN_DIRECT_OBJC_ISA_USAGE = YES_ERROR;
				CLANG_WARN_DOCUMENTATION_COMMENTS = YES;
				CLANG_WARN_EMPTY_BODY = YES;
				CLANG_WARN_ENUM_CONVERSION = YES;
				CLANG_WARN_INFINITE_RECURSION = YES;
				CLANG_WARN_INT_CONVERSION = YES;
				CLANG_WARN_NON_LITERAL_NULL_CONVERSION = YES;
				CLANG_WARN_OBJC_IMPLICIT_RETAIN_SELF = YES;
				CLANG_WARN_OBJC_LITERAL_CONVERSION = YES;
				CLANG_WARN_OBJC_ROOT_CLASS = YES_ERROR;
				CLANG_WARN_RANGE_LOOP_ANALYSIS = YES;
				CLANG_WARN_STRICT_PROTOTYPES = YES;
				CLANG_WARN_SUSPICIOUS_MOVE = YES;
				CLANG_WARN_UNGUARDED_AVAILABILITY = YES_AGGRESSIVE;
				CLANG_WARN_UNREACHABLE_CODE = YES;
				CLANG_WARN__DUPLICATE_METHOD_MATCH = YES;
				CODE_SIGN_IDENTITY = "iPhone Developer";
				COPY_PHASE_STRIP = NO;
				DEBUG_INFORMATION_FORMAT = dwarf;
				ENABLE_STRICT_OBJC_MSGSEND = YES;
				ENABLE_TESTABILITY = YES;
				GCC_C_LANGUAGE_STANDARD = gnu11;
				GCC_DYNAMIC_NO_PIC = NO;
				GCC_NO_COMMON_BLOCKS = YES;
				GCC_OPTIMIZATION_LEVEL = 0;
				GCC_PREPROCESSOR_DEFINITIONS = (
					"DEBUG=1",
					"$(inherited)",
				);
				GCC_WARN_64_TO_32_BIT_CONVERSION = YES;
				GCC_WARN_ABOUT_RETURN_TYPE = YES_ERROR;
				GCC_WARN_UNDECLARED_SELECTOR = YES;
				GCC_WARN_UNINITIALIZED_AUTOS = YES_AGGRESSIVE;
				GCC_WARN_UNUSED_FUNCTION = YES;
				GCC_WARN_UNUSED_VARIABLE = YES;
				IPHONEOS_DEPLOYMENT_TARGET = 12.1;
				MTL_ENABLE_DEBUG_INFO = INCLUDE_SOURCE;
				MTL_FAST_MATH = YES;
				ONLY_ACTIVE_ARCH = YES;
				SDKROOT = iphoneos;
				SWIFT_ACTIVE_COMPILATION_CONDITIONS = DEBUG;
				SWIFT_OPTIMIZATION_LEVEL = "-Onone";
			};
			name = Debug;
		};
		D37440332256FE47006E6495 /* Release */ = {
			isa = XCBuildConfiguration;
			buildSettings = {
				ALWAYS_SEARCH_USER_PATHS = NO;
				CLANG_ANALYZER_NONNULL = YES;
				CLANG_ANALYZER_NUMBER_OBJECT_CONVERSION = YES_AGGRESSIVE;
				CLANG_CXX_LANGUAGE_STANDARD = "gnu++14";
				CLANG_CXX_LIBRARY = "libc++";
				CLANG_ENABLE_MODULES = YES;
				CLANG_ENABLE_OBJC_ARC = YES;
				CLANG_ENABLE_OBJC_WEAK = YES;
				CLANG_WARN_BLOCK_CAPTURE_AUTORELEASING = YES;
				CLANG_WARN_BOOL_CONVERSION = YES;
				CLANG_WARN_COMMA = YES;
				CLANG_WARN_CONSTANT_CONVERSION = YES;
				CLANG_WARN_DEPRECATED_OBJC_IMPLEMENTATIONS = YES;
				CLANG_WARN_DIRECT_OBJC_ISA_USAGE = YES_ERROR;
				CLANG_WARN_DOCUMENTATION_COMMENTS = YES;
				CLANG_WARN_EMPTY_BODY = YES;
				CLANG_WARN_ENUM_CONVERSION = YES;
				CLANG_WARN_INFINITE_RECURSION = YES;
				CLANG_WARN_INT_CONVERSION = YES;
				CLANG_WARN_NON_LITERAL_NULL_CONVERSION = YES;
				CLANG_WARN_OBJC_IMPLICIT_RETAIN_SELF = YES;
				CLANG_WARN_OBJC_LITERAL_CONVERSION = YES;
				CLANG_WARN_OBJC_ROOT_CLASS = YES_ERROR;
				CLANG_WARN_RANGE_LOOP_ANALYSIS = YES;
				CLANG_WARN_STRICT_PROTOTYPES = YES;
				CLANG_WARN_SUSPICIOUS_MOVE = YES;
				CLANG_WARN_UNGUARDED_AVAILABILITY = YES_AGGRESSIVE;
				CLANG_WARN_UNREACHABLE_CODE = YES;
				CLANG_WARN__DUPLICATE_METHOD_MATCH = YES;
				CODE_SIGN_IDENTITY = "iPhone Developer";
				COPY_PHASE_STRIP = NO;
				DEBUG_INFORMATION_FORMAT = "dwarf-with-dsym";
				ENABLE_NS_ASSERTIONS = NO;
				ENABLE_STRICT_OBJC_MSGSEND = YES;
				GCC_C_LANGUAGE_STANDARD = gnu11;
				GCC_NO_COMMON_BLOCKS = YES;
				GCC_WARN_64_TO_32_BIT_CONVERSION = YES;
				GCC_WARN_ABOUT_RETURN_TYPE = YES_ERROR;
				GCC_WARN_UNDECLARED_SELECTOR = YES;
				GCC_WARN_UNINITIALIZED_AUTOS = YES_AGGRESSIVE;
				GCC_WARN_UNUSED_FUNCTION = YES;
				GCC_WARN_UNUSED_VARIABLE = YES;
				IPHONEOS_DEPLOYMENT_TARGET = 12.1;
				MTL_ENABLE_DEBUG_INFO = NO;
				MTL_FAST_MATH = YES;
				SDKROOT = iphoneos;
				SWIFT_COMPILATION_MODE = wholemodule;
				SWIFT_OPTIMIZATION_LEVEL = "-O";
				VALIDATE_PRODUCT = YES;
			};
			name = Release;
		};
		D37440352256FE47006E6495 /* Debug */ = {
			isa = XCBuildConfiguration;
			baseConfigurationReference = 34F5BD951D2A536B92CFE433 /* Pods-NukeSampler.debug.xcconfig */;
			buildSettings = {
				ASSETCATALOG_COMPILER_APPICON_NAME = AppIcon;
				CODE_SIGN_STYLE = Automatic;
				DEVELOPMENT_TEAM = GH466Z9456;
				INFOPLIST_FILE = NukeSampler/Info.plist;
				LD_RUNPATH_SEARCH_PATHS = (
					"$(inherited)",
					"@executable_path/Frameworks",
				);
				PRODUCT_BUNDLE_IDENTIFIER = Fumiya.NukeSampler;
				PRODUCT_NAME = "$(TARGET_NAME)";
				SWIFT_VERSION = 4.2;
				TARGETED_DEVICE_FAMILY = "1,2";
			};
			name = Debug;
		};
		D37440362256FE47006E6495 /* Release */ = {
			isa = XCBuildConfiguration;
			baseConfigurationReference = B2677531A2A0CAD70C74631E /* Pods-NukeSampler.release.xcconfig */;
			buildSettings = {
				ASSETCATALOG_COMPILER_APPICON_NAME = AppIcon;
				CODE_SIGN_STYLE = Automatic;
				DEVELOPMENT_TEAM = GH466Z9456;
				INFOPLIST_FILE = NukeSampler/Info.plist;
				LD_RUNPATH_SEARCH_PATHS = (
					"$(inherited)",
					"@executable_path/Frameworks",
				);
				PRODUCT_BUNDLE_IDENTIFIER = Fumiya.NukeSampler;
				PRODUCT_NAME = "$(TARGET_NAME)";
				SWIFT_VERSION = 4.2;
				TARGETED_DEVICE_FAMILY = "1,2";
			};
			name = Release;
		};
/* End XCBuildConfiguration section */

/* Begin XCConfigurationList section */
		D374401D2256FE46006E6495 /* Build configuration list for PBXProject "NukeSampler" */ = {
			isa = XCConfigurationList;
			buildConfigurations = (
				D37440322256FE47006E6495 /* Debug */,
				D37440332256FE47006E6495 /* Release */,
			);
			defaultConfigurationIsVisible = 0;
			defaultConfigurationName = Release;
		};
		D37440342256FE47006E6495 /* Build configuration list for PBXNativeTarget "NukeSampler" */ = {
			isa = XCConfigurationList;
			buildConfigurations = (
				D37440352256FE47006E6495 /* Debug */,
				D37440362256FE47006E6495 /* Release */,
			);
			defaultConfigurationIsVisible = 0;
			defaultConfigurationName = Release;
		};
/* End XCConfigurationList section */
	};
	rootObject = D374401A2256FE46006E6495 /* Project object */;
}
